
Microsoft Visual Studio Solution File, Format Version 12.00
# Visual Studio Version 17
VisualStudioVersion = 17.10.35004.147
MinimumVisualStudioVersion = 10.0.40219.1
Project("{FAE04EC0-301F-11D3-BF4B-00C04F79EFBC}") = "MusterıBasvuru", "MusterıBasvuru\MusterıBasvuru.csproj", "{AD13EF09-E1FA-4E95-BECD-8E4E4117CD7E}"
EndProject
Global
	GlobalSection(SolutionConfigurationPlatforms) = preSolution
		Debug|Any CPU = Debug|Any CPU
		Release|Any CPU = Release|Any CPU
	EndGlobalSection
	GlobalSection(ProjectConfigurationPlatforms) = postSolution
		{AD13EF09-E1FA-4E95-BECD-8E4E4117CD7E}.Debug|Any CPU.ActiveCfg = Debug|Any CPU
		{AD13EF09-E1FA-4E95-BECD-8E4E4117CD7E}.Debug|Any CPU.Build.0 = Debug|Any CPU
		{AD13EF09-E1FA-4E95-BECD-8E4E4117CD7E}.Release|Any CPU.ActiveCfg = Release|Any CPU
		{AD13EF09-E1FA-4E95-BECD-8E4E4117CD7E}.Release|Any CPU.Build.0 = Release|Any CPU
	EndGlobalSection
	GlobalSection(SolutionProperties) = preSolution
		HideSolutionNode = FALSE
	EndGlobalSection
	GlobalSection(ExtensibilityGlobals) = postSolution
		SolutionGuid = {F57296FF-080F-43C3-9482-97F248D68B57}
	EndGlobalSection
EndGlobal
